
Microsoft Visual Studio Solution File, Format Version 12.00
# Visual Studio Version 17
VisualStudioVersion = 17.6.33723.286
MinimumVisualStudioVersion = 10.0.40219.1
Project("{FAE04EC0-301F-11D3-BF4B-00C04F79EFBC}") = "REGKOR2lr", "REGKOR2lr\REGKOR2lr.csproj", "{615B9640-C0EC-4920-8AC6-2C5FADF540EF}"
EndProject
Global
	GlobalSection(SolutionConfigurationPlatforms) = preSolution
		Debug|Any CPU = Debug|Any CPU
		Release|Any CPU = Release|Any CPU
	EndGlobalSection
	GlobalSection(ProjectConfigurationPlatforms) = postSolution
		{615B9640-C0EC-4920-8AC6-2C5FADF540EF}.Debug|Any CPU.ActiveCfg = Debug|Any CPU
		{615B9640-C0EC-4920-8AC6-2C5FADF540EF}.Debug|Any CPU.Build.0 = Debug|Any CPU
		{615B9640-C0EC-4920-8AC6-2C5FADF540EF}.Release|Any CPU.ActiveCfg = Release|Any CPU
		{615B9640-C0EC-4920-8AC6-2C5FADF540EF}.Release|Any CPU.Build.0 = Release|Any CPU
	EndGlobalSection
	GlobalSection(SolutionProperties) = preSolution
		HideSolutionNode = FALSE
	EndGlobalSection
	GlobalSection(ExtensibilityGlobals) = postSolution
		SolutionGuid = {ADAE9D02-9DF6-410D-B6E5-B3BD79A1164F}
	EndGlobalSection
EndGlobal
